<?xml version="1.0" encoding="utf-8"?>
<Project ToolsVersion="4.0" xmlns="http://schemas.microsoft.com/developer/msbuild/2003">
  <ItemGroup>
    <ClCompile Include="main.cpp" />
    <ClCompile Include="caculator_gui.cpp">
      <Filter>Source Files</Filter>
    </ClCompile>
    <ClCompile Include="AnalyticFormula.cpp">
      <Filter>Source Files</Filter>
    </ClCompile>
    <ClCompile Include="fraction.cpp">
      <Filter>Source Files</Filter>
    </ClCompile>
    <ClCompile Include="Matrix.cpp">
      <Filter>Source Files</Filter>
    </ClCompile>
    <ClCompile Include="GeneratedFiles\qrc_caculator_gui.cpp">
      <Filter>Source Files</Filter>
    </ClCompile>
    <ClCompile Include="main_window.cpp">
      <Filter>Source Files</Filter>
    </ClCompile>
    <ClCompile Include="QT_OpenGL.cpp">
      <Filter>Source Files</Filter>
    </ClCompile>
    <ClCompile Include="help_window.cpp">
      <Filter>Source Files</Filter>
    </ClCompile>
    <ClCompile Include="ScienticCaculartor.cpp">
      <Filter>Source Files</Filter>
    </ClCompile>
    <ClCompile Include="SicenticCaculator_gui.cpp">
      <Filter>Source Files</Filter>
    </ClCompile>
  </ItemGroup>
  <ItemGroup>
    <Filter Include="Resource Files">
      <UniqueIdentifier>{D9D6E242-F8AF-46E4-B9FD-80ECBC20BA3E}</UniqueIdentifier>
      <Extensions>qrc;*</Extensions>
      <ParseFiles>false</ParseFiles>
    </Filter>
    <Filter Include="Source Files">
      <UniqueIdentifier>{4FC737F1-C7A5-4376-A066-2A32D752A2FF}</UniqueIdentifier>
      <Extensions>cpp;c;cc;cxx;def;odl;idl;hpj;bat;asm;asmx</Extensions>
      <ParseFiles>true</ParseFiles>
    </Filter>
    <Filter Include="Header Files">
      <UniqueIdentifier>{93995380-89BD-4b04-88EB-625FBE52EBFB}</UniqueIdentifier>
      <Extensions>h;hh;hpp;hxx;hm;inl;inc;xsd</Extensions>
      <ParseFiles>true</ParseFiles>
    </Filter>
    <Filter Include="Form Files">
      <UniqueIdentifier>{99349809-55BA-4b9d-BF79-8FDBB0286EB3}</UniqueIdentifier>
      <Extensions>ui</Extensions>
      <ParseFiles>true</ParseFiles>
    </Filter>
    <Filter Include="Translation Files">
      <UniqueIdentifier>{639EADAA-A684-42e4-A9AD-28FC9BCB8F7C}</UniqueIdentifier>
      <Extensions>ts</Extensions>
      <ParseFiles>false</ParseFiles>
    </Filter>
  </ItemGroup>
  <ItemGroup>
    <QtMoc Include="caculator_gui.h">
      <Filter>Header Files</Filter>
    </QtMoc>
    <QtMoc Include="main_window.h">
      <Filter>Header Files</Filter>
    </QtMoc>
    <QtMoc Include="QT_OpenGL.h">
      <Filter>Header Files</Filter>
    </QtMoc>
    <QtMoc Include="help_window.h">
      <Filter>Header Files</Filter>
    </QtMoc>
    <QtMoc Include="ScienticCaculator_gui.h">
      <Filter>Header Files</Filter>
    </QtMoc>
  </ItemGroup>
  <ItemGroup>
    <QtUic Include="caculator_gui.ui">
      <Filter>Form Files</Filter>
    </QtUic>
    <QtUic Include="main_window.ui">
      <Filter>Form Files</Filter>
    </QtUic>
    <QtUic Include="QT_OpenGL.ui">
      <Filter>Form Files</Filter>
    </QtUic>
    <QtUic Include="help_window.ui">
      <Filter>Form Files</Filter>
    </QtUic>
    <QtUic Include="SicenticCaculator_gui.ui">
      <Filter>Form Files</Filter>
    </QtUic>
  </ItemGroup>
  <ItemGroup>
    <QtRcc Include="caculator_gui.qrc">
      <Filter>Resource Files</Filter>
    </QtRcc>
  </ItemGroup>
  <ItemGroup>
    <ClInclude Include="AnalyticFormula.h">
      <Filter>Header Files</Filter>
    </ClInclude>
    <ClInclude Include="fraction.h">
      <Filter>Header Files</Filter>
    </ClInclude>
    <ClInclude Include="Matrix.h">
      <Filter>Header Files</Filter>
    </ClInclude>
    <ClInclude Include="source.h">
      <Filter>Header Files</Filter>
    </ClInclude>
    <ClInclude Include="DynamicModule.h">
      <Filter>Header Files</Filter>
    </ClInclude>
  </ItemGroup>
  <ItemGroup>
    <None Include="packages.config" />
    <None Include="caculator(with qt gui)_zh.ts">
      <Filter>Translation Files</Filter>
    </None>
    <None Include="caculator(with qt gui)_en.ts">
      <Filter>Translation Files</Filter>
    </None>
  </ItemGroup>
</Project>